
Microsoft Visual Studio Solution File, Format Version 12.00
# Visual Studio Version 16
VisualStudioVersion = 16.0.30611.23
MinimumVisualStudioVersion = 10.0.40219.1
Project("{9A19103F-16F7-4668-BE54-9A1E7A4F7556}") = "OpenPlatform-Functions", "OpenPlatform-Functions\OpenPlatform-Functions.csproj", "{9DAE0B5B-2F15-41C4-8D6A-E78D67F01C17}"
EndProject
Global
	GlobalSection(SolutionConfigurationPlatforms) = preSolution
		Debug|Any CPU = Debug|Any CPU
		Release|Any CPU = Release|Any CPU
	EndGlobalSection
	GlobalSection(ProjectConfigurationPlatforms) = postSolution
		{9DAE0B5B-2F15-41C4-8D6A-E78D67F01C17}.Debug|Any CPU.ActiveCfg = Debug|Any CPU
		{9DAE0B5B-2F15-41C4-8D6A-E78D67F01C17}.Debug|Any CPU.Build.0 = Debug|Any CPU
		{9DAE0B5B-2F15-41C4-8D6A-E78D67F01C17}.Release|Any CPU.ActiveCfg = Release|Any CPU
		{9DAE0B5B-2F15-41C4-8D6A-E78D67F01C17}.Release|Any CPU.Build.0 = Release|Any CPU
	EndGlobalSection
	GlobalSection(SolutionProperties) = preSolution
		HideSolutionNode = FALSE
	EndGlobalSection
	GlobalSection(ExtensibilityGlobals) = postSolution
		SolutionGuid = {7260AADF-A696-4087-B0BD-0F97B1EA5DC7}
	EndGlobalSection
EndGlobal
